
Microsoft Visual Studio Solution File, Format Version 12.00
# Visual Studio Version 16
VisualStudioVersion = 16.0.28803.452
MinimumVisualStudioVersion = 10.0.40219.1
Project("{FAE04EC0-301F-11D3-BF4B-00C04F79EFBC}") = "AlgoritmiekContainerVervoer", "AlgoritmiekContainerVervoer\AlgoritmiekContainerVervoer.csproj", "{411ABDCD-8417-407E-9E55-0822050ACE55}"
EndProject
Project("{FAE04EC0-301F-11D3-BF4B-00C04F79EFBC}") = "Models", "Models\Models.csproj", "{C4989727-6B6D-4D96-A3B1-7D62F4503358}"
EndProject
Project("{FAE04EC0-301F-11D3-BF4B-00C04F79EFBC}") = "Logic", "Logic\Logic.csproj", "{F87CEC1B-BDB5-44CC-A61F-93D37E446905}"
EndProject
Project("{FAE04EC0-301F-11D3-BF4B-00C04F79EFBC}") = "UnitTestContainerVervoer", "UnitTestContainerVervoer\UnitTestContainerVervoer.csproj", "{30793B18-3ED5-44F6-B5CE-9067A5C5181E}"
EndProject
Global
	GlobalSection(SolutionConfigurationPlatforms) = preSolution
		Debug|Any CPU = Debug|Any CPU
		Release|Any CPU = Release|Any CPU
	EndGlobalSection
	GlobalSection(ProjectConfigurationPlatforms) = postSolution
		{411ABDCD-8417-407E-9E55-0822050ACE55}.Debug|Any CPU.ActiveCfg = Debug|Any CPU
		{411ABDCD-8417-407E-9E55-0822050ACE55}.Debug|Any CPU.Build.0 = Debug|Any CPU
		{411ABDCD-8417-407E-9E55-0822050ACE55}.Release|Any CPU.ActiveCfg = Release|Any CPU
		{411ABDCD-8417-407E-9E55-0822050ACE55}.Release|Any CPU.Build.0 = Release|Any CPU
		{C4989727-6B6D-4D96-A3B1-7D62F4503358}.Debug|Any CPU.ActiveCfg = Debug|Any CPU
		{C4989727-6B6D-4D96-A3B1-7D62F4503358}.Debug|Any CPU.Build.0 = Debug|Any CPU
		{C4989727-6B6D-4D96-A3B1-7D62F4503358}.Release|Any CPU.ActiveCfg = Release|Any CPU
		{C4989727-6B6D-4D96-A3B1-7D62F4503358}.Release|Any CPU.Build.0 = Release|Any CPU
		{F87CEC1B-BDB5-44CC-A61F-93D37E446905}.Debug|Any CPU.ActiveCfg = Debug|Any CPU
		{F87CEC1B-BDB5-44CC-A61F-93D37E446905}.Debug|Any CPU.Build.0 = Debug|Any CPU
		{F87CEC1B-BDB5-44CC-A61F-93D37E446905}.Release|Any CPU.ActiveCfg = Release|Any CPU
		{F87CEC1B-BDB5-44CC-A61F-93D37E446905}.Release|Any CPU.Build.0 = Release|Any CPU
		{30793B18-3ED5-44F6-B5CE-9067A5C5181E}.Debug|Any CPU.ActiveCfg = Debug|Any CPU
		{30793B18-3ED5-44F6-B5CE-9067A5C5181E}.Debug|Any CPU.Build.0 = Debug|Any CPU
		{30793B18-3ED5-44F6-B5CE-9067A5C5181E}.Release|Any CPU.ActiveCfg = Release|Any CPU
		{30793B18-3ED5-44F6-B5CE-9067A5C5181E}.Release|Any CPU.Build.0 = Release|Any CPU
	EndGlobalSection
	GlobalSection(SolutionProperties) = preSolution
		HideSolutionNode = FALSE
	EndGlobalSection
	GlobalSection(ExtensibilityGlobals) = postSolution
		SolutionGuid = {F30F967D-B627-4FA8-9D5C-51FDD4FFD859}
	EndGlobalSection
EndGlobal
